# This file is autogenerated, do not edit; changes may be undone by the next 'dep ensure'.


[[projects]]
  branch = "run-from-code"
  name = "github.com/OJ/gobuster"
  packages = ["libgobuster"]
  revision = "562ac22e484eda237dba2092abd3b44ab931d34f"
  source = "github.com/alias1/gobuster"

[[projects]]
  branch = "master"
  name = "github.com/apex/go-apex"
  packages = ["."]
  revision = "6e19883b04761c5930e32bf2f80e02ad0e3a1d4e"

[[projects]]
  branch = "master"
  name = "github.com/hashicorp/errwrap"
  packages = ["."]
  revision = "7554cd9344cec97297fa6649b055a8c98c2a1e55"

[[projects]]
  branch = "master"
  name = "github.com/hashicorp/go-multierror"
  packages = ["."]
  revision = "83588e72410abfbe4df460eeb6f30841ae47d4c4"

[[projects]]
  name = "github.com/satori/go.uuid"
  packages = ["."]
  revision = "879c5887cd475cd7864858769793b2ceb0d44feb"
  version = "v1.1.0"

[[projects]]
  branch = "master"
  name = "golang.org/x/crypto"
  packages = ["ssh/terminal"]
  revision = "81e90905daefcd6fd217b62423c0908922eadb30"

[[projects]]
  branch = "master"
  name = "golang.org/x/sys"
  packages = ["unix","windows"]
  revision = "ab9e364efd8b52800ff7ee48a9ffba4e0ed78dfb"

[solve-meta]
  analyzer-name = "dep"
  analyzer-version = 1
  inputs-digest = "930be6b98eb85ec1428304e92fedd8f5c85b9e38076179a14912cd5e0aca2602"
  solver-name = "gps-cdcl"
  solver-version = 1
