# This file is autogenerated, do not edit; changes may be undone by the next 'dep ensure'.


[[projects]]
  name = "github.com/apex/go-apex"
  packages = ["."]
  revision = "338ee0137bc07a472789968021e66c5df905fc26"
  version = "v1.0.0"

[solve-meta]
  analyzer-name = "dep"
  analyzer-version = 1
  inputs-digest = "3b9f8db1b85bd60a0ec57663162e6f9f5542e6d6bc3b22819a812d81b7ea3300"
  solver-name = "gps-cdcl"
  solver-version = 1
